
Microsoft Visual Studio Solution File, Format Version 12.00
# Visual Studio Version 17
VisualStudioVersion = 17.11.35327.3
MinimumVisualStudioVersion = 10.0.40219.1
Project("{FAE04EC0-301F-11D3-BF4B-00C04F79EFBC}") = "WebAPI", "WebAPI\WebAPI.csproj", "{199719A4-C65F-491A-A37B-020747B44781}"
EndProject
Project("{2150E333-8FDC-42A3-9474-1A3956D46DE8}") = "01-Comun", "01-Comun", "{CE616DDA-0907-4B37-B756-60ED51059C65}"
EndProject
Project("{2150E333-8FDC-42A3-9474-1A3956D46DE8}") = "02-Modelo", "02-Modelo", "{C2D31FD0-810A-4687-B6AE-0E9EE91822C3}"
EndProject
Project("{2150E333-8FDC-42A3-9474-1A3956D46DE8}") = "03-Acceso a Datos", "03-Acceso a Datos", "{4AA4CD47-099E-44DB-A741-446E7232C342}"
EndProject
Project("{2150E333-8FDC-42A3-9474-1A3956D46DE8}") = "04-Cliente Rest", "04-Cliente Rest", "{907B13F5-84AE-4745-A910-48BCAD142E35}"
EndProject
Project("{2150E333-8FDC-42A3-9474-1A3956D46DE8}") = "05-Logica de Negocio", "05-Logica de Negocio", "{54D0E315-99F5-472A-AD5D-6862DF25538B}"
EndProject
Project("{2150E333-8FDC-42A3-9474-1A3956D46DE8}") = "06-Web API", "06-Web API", "{70015C57-26CC-40B1-9889-C44B70CAA7FC}"
EndProject
Project("{FAE04EC0-301F-11D3-BF4B-00C04F79EFBC}") = "Comun", "Comun\Comun.csproj", "{602EA68C-3995-461C-B715-CFD5D40D42A6}"
EndProject
Project("{FAE04EC0-301F-11D3-BF4B-00C04F79EFBC}") = "Modelo", "Modelo\Modelo.csproj", "{39563C33-0E94-4009-B786-54A41D2B4761}"
EndProject
Project("{FAE04EC0-301F-11D3-BF4B-00C04F79EFBC}") = "Datos", "Datos\Datos.csproj", "{08EEDD8D-6293-4923-9843-A321879FAB36}"
EndProject
Project("{FAE04EC0-301F-11D3-BF4B-00C04F79EFBC}") = "Rest", "Rest\Rest.csproj", "{F8DC7E61-88E3-4FB7-B262-237BB43435B9}"
EndProject
Project("{FAE04EC0-301F-11D3-BF4B-00C04F79EFBC}") = "Logica", "Logica\Logica.csproj", "{FCC045B0-F507-487E-93EA-F9C3DA874904}"
EndProject
Global
	GlobalSection(SolutionConfigurationPlatforms) = preSolution
		Debug|Any CPU = Debug|Any CPU
		Release|Any CPU = Release|Any CPU
	EndGlobalSection
	GlobalSection(ProjectConfigurationPlatforms) = postSolution
		{199719A4-C65F-491A-A37B-020747B44781}.Debug|Any CPU.ActiveCfg = Debug|Any CPU
		{199719A4-C65F-491A-A37B-020747B44781}.Debug|Any CPU.Build.0 = Debug|Any CPU
		{199719A4-C65F-491A-A37B-020747B44781}.Release|Any CPU.ActiveCfg = Release|Any CPU
		{199719A4-C65F-491A-A37B-020747B44781}.Release|Any CPU.Build.0 = Release|Any CPU
		{602EA68C-3995-461C-B715-CFD5D40D42A6}.Debug|Any CPU.ActiveCfg = Debug|Any CPU
		{602EA68C-3995-461C-B715-CFD5D40D42A6}.Debug|Any CPU.Build.0 = Debug|Any CPU
		{602EA68C-3995-461C-B715-CFD5D40D42A6}.Release|Any CPU.ActiveCfg = Release|Any CPU
		{602EA68C-3995-461C-B715-CFD5D40D42A6}.Release|Any CPU.Build.0 = Release|Any CPU
		{39563C33-0E94-4009-B786-54A41D2B4761}.Debug|Any CPU.ActiveCfg = Debug|Any CPU
		{39563C33-0E94-4009-B786-54A41D2B4761}.Debug|Any CPU.Build.0 = Debug|Any CPU
		{39563C33-0E94-4009-B786-54A41D2B4761}.Release|Any CPU.ActiveCfg = Release|Any CPU
		{39563C33-0E94-4009-B786-54A41D2B4761}.Release|Any CPU.Build.0 = Release|Any CPU
		{08EEDD8D-6293-4923-9843-A321879FAB36}.Debug|Any CPU.ActiveCfg = Debug|Any CPU
		{08EEDD8D-6293-4923-9843-A321879FAB36}.Debug|Any CPU.Build.0 = Debug|Any CPU
		{08EEDD8D-6293-4923-9843-A321879FAB36}.Release|Any CPU.ActiveCfg = Release|Any CPU
		{08EEDD8D-6293-4923-9843-A321879FAB36}.Release|Any CPU.Build.0 = Release|Any CPU
		{F8DC7E61-88E3-4FB7-B262-237BB43435B9}.Debug|Any CPU.ActiveCfg = Debug|Any CPU
		{F8DC7E61-88E3-4FB7-B262-237BB43435B9}.Debug|Any CPU.Build.0 = Debug|Any CPU
		{F8DC7E61-88E3-4FB7-B262-237BB43435B9}.Release|Any CPU.ActiveCfg = Release|Any CPU
		{F8DC7E61-88E3-4FB7-B262-237BB43435B9}.Release|Any CPU.Build.0 = Release|Any CPU
		{FCC045B0-F507-487E-93EA-F9C3DA874904}.Debug|Any CPU.ActiveCfg = Debug|Any CPU
		{FCC045B0-F507-487E-93EA-F9C3DA874904}.Debug|Any CPU.Build.0 = Debug|Any CPU
		{FCC045B0-F507-487E-93EA-F9C3DA874904}.Release|Any CPU.ActiveCfg = Release|Any CPU
		{FCC045B0-F507-487E-93EA-F9C3DA874904}.Release|Any CPU.Build.0 = Release|Any CPU
	EndGlobalSection
	GlobalSection(SolutionProperties) = preSolution
		HideSolutionNode = FALSE
	EndGlobalSection
	GlobalSection(NestedProjects) = preSolution
		{199719A4-C65F-491A-A37B-020747B44781} = {70015C57-26CC-40B1-9889-C44B70CAA7FC}
		{602EA68C-3995-461C-B715-CFD5D40D42A6} = {CE616DDA-0907-4B37-B756-60ED51059C65}
		{39563C33-0E94-4009-B786-54A41D2B4761} = {C2D31FD0-810A-4687-B6AE-0E9EE91822C3}
		{08EEDD8D-6293-4923-9843-A321879FAB36} = {4AA4CD47-099E-44DB-A741-446E7232C342}
		{F8DC7E61-88E3-4FB7-B262-237BB43435B9} = {907B13F5-84AE-4745-A910-48BCAD142E35}
		{FCC045B0-F507-487E-93EA-F9C3DA874904} = {54D0E315-99F5-472A-AD5D-6862DF25538B}
	EndGlobalSection
	GlobalSection(ExtensibilityGlobals) = postSolution
		SolutionGuid = {8A4353D5-083A-450A-A3D9-B435BE31EB36}
	EndGlobalSection
EndGlobal
